{
  "name": "fitrub",
  "version": "1.1.0",
  "lockfileVersion": 2,
  "requires": true,
  "packages": {
    "": {
      "name": "fitrub",
      "version": "1.1.0",
      "license": "ISC",
      "dependencies": {
        "modern-normalize": "^1.1.0",
        "scroll-lock": "^2.1.5",
        "swiper": "^9.1.1"
      }
    },
    "node_modules/modern-normalize": {
      "version": "1.1.0",
      "resolved": "https://registry.npmjs.org/modern-normalize/-/modern-normalize-1.1.0.tgz",
      "integrity": "sha512-2lMlY1Yc1+CUy0gw4H95uNN7vjbpoED7NNRSBHE25nWfLBdmMzFCsPshlzbxHz+gYMcBEUN8V4pU16prcdPSgA==",
      "engines": {
        "node": ">=6"
      },
      "funding": {
        "url": "https://github.com/sponsors/sindresorhus"
      }
    },
    "node_modules/scroll-lock": {
      "version": "2.1.5",
      "resolved": "https://registry.npmjs.org/scroll-lock/-/scroll-lock-2.1.5.tgz",
      "integrity": "sha512-GN8Lp0AzXbkrPFUUNkMUruiiv019UvarNKE/SnXi+AxZRjMnDc2R22VB9RcUtL4P/uub04cKibmpHKIKTyWwYQ=="
    },
    "node_modules/ssr-window": {
      "version": "4.0.2",
      "resolved": "https://registry.npmjs.org/ssr-window/-/ssr-window-4.0.2.tgz",
      "integrity": "sha512-ISv/Ch+ig7SOtw7G2+qkwfVASzazUnvlDTwypdLoPoySv+6MqlOV10VwPSE6EWkGjhW50lUmghPmpYZXMu/+AQ=="
    },
    "node_modules/swiper": {
      "version": "9.1.1",
      "resolved": "https://registry.npmjs.org/swiper/-/swiper-9.1.1.tgz",
      "integrity": "sha512-D1zArOwI6XCXCYBULPA4jTxpqp5SQtvntjinbXNZwXzj6P3KS51zSWuMarCLXq5oRISay4nX+TuShpxz8qhtbw==",
      "funding": [
        {
          "type": "patreon",
          "url": "https://www.patreon.com/swiperjs"
        },
        {
          "type": "open_collective",
          "url": "http://opencollective.com/swiper"
        }
      ],
      "dependencies": {
        "ssr-window": "^4.0.2"
      },
      "engines": {
        "node": ">= 4.7.0"
      }
    }
  },
  "dependencies": {
    "modern-normalize": {
      "version": "1.1.0",
      "resolved": "https://registry.npmjs.org/modern-normalize/-/modern-normalize-1.1.0.tgz",
      "integrity": "sha512-2lMlY1Yc1+CUy0gw4H95uNN7vjbpoED7NNRSBHE25nWfLBdmMzFCsPshlzbxHz+gYMcBEUN8V4pU16prcdPSgA=="
    },
    "scroll-lock": {
      "version": "2.1.5",
      "resolved": "https://registry.npmjs.org/scroll-lock/-/scroll-lock-2.1.5.tgz",
      "integrity": "sha512-GN8Lp0AzXbkrPFUUNkMUruiiv019UvarNKE/SnXi+AxZRjMnDc2R22VB9RcUtL4P/uub04cKibmpHKIKTyWwYQ=="
    },
    "ssr-window": {
      "version": "4.0.2",
      "resolved": "https://registry.npmjs.org/ssr-window/-/ssr-window-4.0.2.tgz",
      "integrity": "sha512-ISv/Ch+ig7SOtw7G2+qkwfVASzazUnvlDTwypdLoPoySv+6MqlOV10VwPSE6EWkGjhW50lUmghPmpYZXMu/+AQ=="
    },
    "swiper": {
      "version": "9.1.1",
      "resolved": "https://registry.npmjs.org/swiper/-/swiper-9.1.1.tgz",
      "integrity": "sha512-D1zArOwI6XCXCYBULPA4jTxpqp5SQtvntjinbXNZwXzj6P3KS51zSWuMarCLXq5oRISay4nX+TuShpxz8qhtbw==",
      "requires": {
        "ssr-window": "^4.0.2"
      }
    }
  }
}
